
Microsoft Visual Studio Solution File, Format Version 12.00
# Visual Studio Version 17
VisualStudioVersion = 17.8.34330.188
MinimumVisualStudioVersion = 10.0.40219.1
Project("{8BC9CEB8-8B4A-11D0-8D11-00A0C91BC942}") = "W03", "W03.vcxproj", "{C77BC282-4603-47DD-96DD-0349FB8F8FA8}"
EndProject
Global
	GlobalSection(SolutionConfigurationPlatforms) = preSolution
		Debug|x64 = Debug|x64
		Debug|x86 = Debug|x86
		Release|x64 = Release|x64
		Release|x86 = Release|x86
	EndGlobalSection
	GlobalSection(ProjectConfigurationPlatforms) = postSolution
		{C77BC282-4603-47DD-96DD-0349FB8F8FA8}.Debug|x64.ActiveCfg = Debug|x64
		{C77BC282-4603-47DD-96DD-0349FB8F8FA8}.Debug|x64.Build.0 = Debug|x64
		{C77BC282-4603-47DD-96DD-0349FB8F8FA8}.Debug|x86.ActiveCfg = Debug|Win32
		{C77BC282-4603-47DD-96DD-0349FB8F8FA8}.Debug|x86.Build.0 = Debug|Win32
		{C77BC282-4603-47DD-96DD-0349FB8F8FA8}.Release|x64.ActiveCfg = Release|x64
		{C77BC282-4603-47DD-96DD-0349FB8F8FA8}.Release|x64.Build.0 = Release|x64
		{C77BC282-4603-47DD-96DD-0349FB8F8FA8}.Release|x86.ActiveCfg = Release|Win32
		{C77BC282-4603-47DD-96DD-0349FB8F8FA8}.Release|x86.Build.0 = Release|Win32
	EndGlobalSection
	GlobalSection(SolutionProperties) = preSolution
		HideSolutionNode = FALSE
	EndGlobalSection
	GlobalSection(ExtensibilityGlobals) = postSolution
		SolutionGuid = {75654982-78C1-4433-B571-346A3FD73981}
	EndGlobalSection
EndGlobal
